
Microsoft Visual Studio Solution File, Format Version 12.00
# Visual Studio Version 17
VisualStudioVersion = 17.9.34728.123
MinimumVisualStudioVersion = 10.0.40219.1
Project("{FAE04EC0-301F-11D3-BF4B-00C04F79EFBC}") = "ClassLibrary1", "ClassLibrary1.csproj", "{6E745713-BE95-4A57-9763-93579182F104}"
EndProject
Project("{FAE04EC0-301F-11D3-BF4B-00C04F79EFBC}") = "ConsoleApp1", "..\ConsoleApp1\ConsoleApp1.csproj", "{262BA215-2166-40F1-AF08-E5BF31297934}"
EndProject
Project("{FAE04EC0-301F-11D3-BF4B-00C04F79EFBC}") = "ConsoleApp2", "..\ConsoleApp2\ConsoleApp2.csproj", "{5D20C6D9-C408-4492-9E7F-35FDCE8C851C}"
EndProject
Project("{FAE04EC0-301F-11D3-BF4B-00C04F79EFBC}") = "WebApplication1", "..\WebApplication1\WebApplication1.csproj", "{93C137A9-588A-449B-A2AF-AE18B91516BD}"
EndProject
Project("{FAE04EC0-301F-11D3-BF4B-00C04F79EFBC}") = "WebApplication2", "..\WebApplication2\WebApplication2.csproj", "{5CBAD546-B1A8-4A65-BA2D-4A20A0464EB4}"
EndProject
Global
	GlobalSection(SolutionConfigurationPlatforms) = preSolution
		Debug|Any CPU = Debug|Any CPU
		Release|Any CPU = Release|Any CPU
	EndGlobalSection
	GlobalSection(ProjectConfigurationPlatforms) = postSolution
		{6E745713-BE95-4A57-9763-93579182F104}.Debug|Any CPU.ActiveCfg = Debug|Any CPU
		{6E745713-BE95-4A57-9763-93579182F104}.Debug|Any CPU.Build.0 = Debug|Any CPU
		{6E745713-BE95-4A57-9763-93579182F104}.Release|Any CPU.ActiveCfg = Release|Any CPU
		{6E745713-BE95-4A57-9763-93579182F104}.Release|Any CPU.Build.0 = Release|Any CPU
		{262BA215-2166-40F1-AF08-E5BF31297934}.Debug|Any CPU.ActiveCfg = Debug|Any CPU
		{262BA215-2166-40F1-AF08-E5BF31297934}.Debug|Any CPU.Build.0 = Debug|Any CPU
		{262BA215-2166-40F1-AF08-E5BF31297934}.Release|Any CPU.ActiveCfg = Release|Any CPU
		{262BA215-2166-40F1-AF08-E5BF31297934}.Release|Any CPU.Build.0 = Release|Any CPU
		{5D20C6D9-C408-4492-9E7F-35FDCE8C851C}.Debug|Any CPU.ActiveCfg = Debug|Any CPU
		{5D20C6D9-C408-4492-9E7F-35FDCE8C851C}.Debug|Any CPU.Build.0 = Debug|Any CPU
		{5D20C6D9-C408-4492-9E7F-35FDCE8C851C}.Release|Any CPU.ActiveCfg = Release|Any CPU
		{5D20C6D9-C408-4492-9E7F-35FDCE8C851C}.Release|Any CPU.Build.0 = Release|Any CPU
		{93C137A9-588A-449B-A2AF-AE18B91516BD}.Debug|Any CPU.ActiveCfg = Debug|Any CPU
		{93C137A9-588A-449B-A2AF-AE18B91516BD}.Debug|Any CPU.Build.0 = Debug|Any CPU
		{93C137A9-588A-449B-A2AF-AE18B91516BD}.Release|Any CPU.ActiveCfg = Release|Any CPU
		{93C137A9-588A-449B-A2AF-AE18B91516BD}.Release|Any CPU.Build.0 = Release|Any CPU
		{5CBAD546-B1A8-4A65-BA2D-4A20A0464EB4}.Debug|Any CPU.ActiveCfg = Debug|Any CPU
		{5CBAD546-B1A8-4A65-BA2D-4A20A0464EB4}.Debug|Any CPU.Build.0 = Debug|Any CPU
		{5CBAD546-B1A8-4A65-BA2D-4A20A0464EB4}.Release|Any CPU.ActiveCfg = Release|Any CPU
		{5CBAD546-B1A8-4A65-BA2D-4A20A0464EB4}.Release|Any CPU.Build.0 = Release|Any CPU
	EndGlobalSection
	GlobalSection(SolutionProperties) = preSolution
		HideSolutionNode = FALSE
	EndGlobalSection
	GlobalSection(ExtensibilityGlobals) = postSolution
		SolutionGuid = {C5D0726E-DF82-4E62-8A03-7A2170C1D5ED}
	EndGlobalSection
EndGlobal
